// !$*UTF8*$!
{
	archiveVersion = 1;
	classes = {
	};
	objectVersion = 46;
	objects = {

/* Begin PBXBuildFile section */
		3A38FE2E1F37304600C7A993 /* AppDelegate.swift in Sources */ = {isa = PBXBuildFile; fileRef = 3A38FE2D1F37304600C7A993 /* AppDelegate.swift */; };
		3A38FE301F37304600C7A993 /* LoginController.swift in Sources */ = {isa = PBXBuildFile; fileRef = 3A38FE2F1F37304600C7A993 /* LoginController.swift */; };
		3A38FE331F37304600C7A993 /* Main.storyboard in Resources */ = {isa = PBXBuildFile; fileRef = 3A38FE311F37304600C7A993 /* Main.storyboard */; };
		3A38FE351F37304600C7A993 /* Assets.xcassets in Resources */ = {isa = PBXBuildFile; fileRef = 3A38FE341F37304600C7A993 /* Assets.xcassets */; };
		3A38FE381F37304600C7A993 /* LaunchScreen.storyboard in Resources */ = {isa = PBXBuildFile; fileRef = 3A38FE361F37304600C7A993 /* LaunchScreen.storyboard */; };
		3A38FE401F37314C00C7A993 /* GoogleService-Info.plist in Resources */ = {isa = PBXBuildFile; fileRef = 3A38FE3F1F37314C00C7A993 /* GoogleService-Info.plist */; };
		722FDE27D62167C8E06DC317 /* Pods_InVinoVeritas.framework in Frameworks */ = {isa = PBXBuildFile; fileRef = 1296D98901FCD712894A7CA5 /* Pods_InVinoVeritas.framework */; };
/* End PBXBuildFile section */

/* Begin PBXFileReference section */
		111500B4C873470806C0382D /* Pods-InVinoVeritas.release.xcconfig */ = {isa = PBXFileReference; includeInIndex = 1; lastKnownFileType = text.xcconfig; name = "Pods-InVinoVeritas.release.xcconfig"; path = "Pods/Target Support Files/Pods-InVinoVeritas/Pods-InVinoVeritas.release.xcconfig"; sourceTree = "<group>"; };
		1296D98901FCD712894A7CA5 /* Pods_InVinoVeritas.framework */ = {isa = PBXFileReference; explicitFileType = wrapper.framework; includeInIndex = 0; path = Pods_InVinoVeritas.framework; sourceTree = BUILT_PRODUCTS_DIR; };
		3A38FE2A1F37304600C7A993 /* InVinoVeritas.app */ = {isa = PBXFileReference; explicitFileType = wrapper.application; includeInIndex = 0; path = InVinoVeritas.app; sourceTree = BUILT_PRODUCTS_DIR; };
		3A38FE2D1F37304600C7A993 /* AppDelegate.swift */ = {isa = PBXFileReference; lastKnownFileType = sourcecode.swift; path = AppDelegate.swift; sourceTree = "<group>"; };
		3A38FE2F1F37304600C7A993 /* LoginController.swift */ = {isa = PBXFileReference; lastKnownFileType = sourcecode.swift; path = LoginController.swift; sourceTree = "<group>"; };
		3A38FE321F37304600C7A993 /* Base */ = {isa = PBXFileReference; lastKnownFileType = file.storyboard; name = Base; path = Base.lproj/Main.storyboard; sourceTree = "<group>"; };
		3A38FE341F37304600C7A993 /* Assets.xcassets */ = {isa = PBXFileReference; lastKnownFileType = folder.assetcatalog; path = Assets.xcassets; sourceTree = "<group>"; };
		3A38FE371F37304600C7A993 /* Base */ = {isa = PBXFileReference; lastKnownFileType = file.storyboard; name = Base; path = Base.lproj/LaunchScreen.storyboard; sourceTree = "<group>"; };
		3A38FE391F37304600C7A993 /* Info.plist */ = {isa = PBXFileReference; lastKnownFileType = text.plist.xml; path = Info.plist; sourceTree = "<group>"; };
		3A38FE3F1F37314C00C7A993 /* GoogleService-Info.plist */ = {isa = PBXFileReference; fileEncoding = 4; lastKnownFileType = text.plist.xml; name = "GoogleService-Info.plist"; path = "../../../Downloads/GoogleService-Info.plist"; sourceTree = "<group>"; };
		B5F3677FEC975D87033A23E7 /* Pods-InVinoVeritas.debug.xcconfig */ = {isa = PBXFileReference; includeInIndex = 1; lastKnownFileType = text.xcconfig; name = "Pods-InVinoVeritas.debug.xcconfig"; path = "Pods/Target Support Files/Pods-InVinoVeritas/Pods-InVinoVeritas.debug.xcconfig"; sourceTree = "<group>"; };
/* End PBXFileReference section */

/* Begin PBXFrameworksBuildPhase section */
		3A38FE271F37304600C7A993 /* Frameworks */ = {
			isa = PBXFrameworksBuildPhase;
			buildActionMask = 2147483647;
			files = (
				722FDE27D62167C8E06DC317 /* Pods_InVinoVeritas.framework in Frameworks */,
			);
			runOnlyForDeploymentPostprocessing = 0;
		};
/* End PBXFrameworksBuildPhase section */

/* Begin PBXGroup section */
		3A38FE211F37304600C7A993 = {
			isa = PBXGroup;
			children = (
				3A38FE2C1F37304600C7A993 /* InVinoVeritas */,
				3A38FE2B1F37304600C7A993 /* Products */,
				5B469CCBE6551FBADE296776 /* Pods */,
				AE029ECF819A3016124CC570 /* Frameworks */,
			);
			sourceTree = "<group>";
		};
		3A38FE2B1F37304600C7A993 /* Products */ = {
			isa = PBXGroup;
			children = (
				3A38FE2A1F37304600C7A993 /* InVinoVeritas.app */,
			);
			name = Products;
			sourceTree = "<group>";
		};
		3A38FE2C1F37304600C7A993 /* InVinoVeritas */ = {
			isa = PBXGroup;
			children = (
				3A38FE2D1F37304600C7A993 /* AppDelegate.swift */,
				3A38FE2F1F37304600C7A993 /* LoginController.swift */,
				3A38FE311F37304600C7A993 /* Main.storyboard */,
				3A38FE341F37304600C7A993 /* Assets.xcassets */,
				3A38FE361F37304600C7A993 /* LaunchScreen.storyboard */,
				3A38FE391F37304600C7A993 /* Info.plist */,
				3A38FE3F1F37314C00C7A993 /* GoogleService-Info.plist */,
			);
			path = InVinoVeritas;
			sourceTree = "<group>";
		};
		5B469CCBE6551FBADE296776 /* Pods */ = {
			isa = PBXGroup;
			children = (
				B5F3677FEC975D87033A23E7 /* Pods-InVinoVeritas.debug.xcconfig */,
				111500B4C873470806C0382D /* Pods-InVinoVeritas.release.xcconfig */,
			);
			name = Pods;
			sourceTree = "<group>";
		};
		AE029ECF819A3016124CC570 /* Frameworks */ = {
			isa = PBXGroup;
			children = (
				1296D98901FCD712894A7CA5 /* Pods_InVinoVeritas.framework */,
			);
			name = Frameworks;
			sourceTree = "<group>";
		};
/* End PBXGroup section */

/* Begin PBXNativeTarget section */
		3A38FE291F37304600C7A993 /* InVinoVeritas */ = {
			isa = PBXNativeTarget;
			buildConfigurationList = 3A38FE3C1F37304600C7A993 /* Build configuration list for PBXNativeTarget "InVinoVeritas" */;
			buildPhases = (
				9A103AACFB3B9BAB7770F8C4 /* [CP] Check Pods Manifest.lock */,
				3A38FE261F37304600C7A993 /* Sources */,
				3A38FE271F37304600C7A993 /* Frameworks */,
				3A38FE281F37304600C7A993 /* Resources */,
				0BD879EAD6AF52F894CCC5EE /* [CP] Embed Pods Frameworks */,
				B7CA0D0037A240B6C4F491D7 /* [CP] Copy Pods Resources */,
			);
			buildRules = (
			);
			dependencies = (
			);
			name = InVinoVeritas;
			productName = InVinoVeritas;
			productReference = 3A38FE2A1F37304600C7A993 /* InVinoVeritas.app */;
			productType = "com.apple.product-type.application";
		};
/* End PBXNativeTarget section */

/* Begin PBXProject section */
		3A38FE221F37304600C7A993 /* Project object */ = {
			isa = PBXProject;
			attributes = {
				LastSwiftUpdateCheck = 0830;
				LastUpgradeCheck = 0830;
				ORGANIZATIONNAME = "Miroslav Juric";
				TargetAttributes = {
					3A38FE291F37304600C7A993 = {
						CreatedOnToolsVersion = 8.3.3;
						DevelopmentTeam = 9JARSYXCR4;
						ProvisioningStyle = Automatic;
					};
				};
			};
			buildConfigurationList = 3A38FE251F37304600C7A993 /* Build configuration list for PBXProject "InVinoVeritas" */;
			compatibilityVersion = "Xcode 3.2";
			developmentRegion = English;
			hasScannedForEncodings = 0;
			knownRegions = (
				en,
				Base,
			);
			mainGroup = 3A38FE211F37304600C7A993;
			productRefGroup = 3A38FE2B1F37304600C7A993 /* Products */;
			projectDirPath = "";
			projectRoot = "";
			targets = (
				3A38FE291F37304600C7A993 /* InVinoVeritas */,
			);
		};
/* End PBXProject section */

/* Begin PBXResourcesBuildPhase section */
		3A38FE281F37304600C7A993 /* Resources */ = {
			isa = PBXResourcesBuildPhase;
			buildActionMask = 2147483647;
			files = (
				3A38FE381F37304600C7A993 /* LaunchScreen.storyboard in Resources */,
				3A38FE401F37314C00C7A993 /* GoogleService-Info.plist in Resources */,
				3A38FE351F37304600C7A993 /* Assets.xcassets in Resources */,
				3A38FE331F37304600C7A993 /* Main.storyboard in Resources */,
			);
			runOnlyForDeploymentPostprocessing = 0;
		};
/* End PBXResourcesBuildPhase section */

/* Begin PBXShellScriptBuildPhase section */
		0BD879EAD6AF52F894CCC5EE /* [CP] Embed Pods Frameworks */ = {
			isa = PBXShellScriptBuildPhase;
			buildActionMask = 2147483647;
			files = (
			);
			inputPaths = (
			);
			name = "[CP] Embed Pods Frameworks";
			outputPaths = (
			);
			runOnlyForDeploymentPostprocessing = 0;
			shellPath = /bin/sh;
			shellScript = "\"${SRCROOT}/Pods/Target Support Files/Pods-InVinoVeritas/Pods-InVinoVeritas-frameworks.sh\"\n";
			showEnvVarsInLog = 0;
		};
		9A103AACFB3B9BAB7770F8C4 /* [CP] Check Pods Manifest.lock */ = {
			isa = PBXShellScriptBuildPhase;
			buildActionMask = 2147483647;
			files = (
			);
			inputPaths = (
			);
			name = "[CP] Check Pods Manifest.lock";
			outputPaths = (
			);
			runOnlyForDeploymentPostprocessing = 0;
			shellPath = /bin/sh;
			shellScript = "diff \"${PODS_ROOT}/../Podfile.lock\" \"${PODS_ROOT}/Manifest.lock\" > /dev/null\nif [ $? != 0 ] ; then\n    # print error to STDERR\n    echo \"error: The sandbox is not in sync with the Podfile.lock. Run 'pod install' or update your CocoaPods installation.\" >&2\n    exit 1\nfi\n";
			showEnvVarsInLog = 0;
		};
		B7CA0D0037A240B6C4F491D7 /* [CP] Copy Pods Resources */ = {
			isa = PBXShellScriptBuildPhase;
			buildActionMask = 2147483647;
			files = (
			);
			inputPaths = (
			);
			name = "[CP] Copy Pods Resources";
			outputPaths = (
			);
			runOnlyForDeploymentPostprocessing = 0;
			shellPath = /bin/sh;
			shellScript = "\"${SRCROOT}/Pods/Target Support Files/Pods-InVinoVeritas/Pods-InVinoVeritas-resources.sh\"\n";
			showEnvVarsInLog = 0;
		};
/* End PBXShellScriptBuildPhase section */

/* Begin PBXSourcesBuildPhase section */
		3A38FE261F37304600C7A993 /* Sources */ = {
			isa = PBXSourcesBuildPhase;
			buildActionMask = 2147483647;
			files = (
				3A38FE301F37304600C7A993 /* LoginController.swift in Sources */,
				3A38FE2E1F37304600C7A993 /* AppDelegate.swift in Sources */,
			);
			runOnlyForDeploymentPostprocessing = 0;
		};
/* End PBXSourcesBuildPhase section */

/* Begin PBXVariantGroup section */
		3A38FE311F37304600C7A993 /* Main.storyboard */ = {
			isa = PBXVariantGroup;
			children = (
				3A38FE321F37304600C7A993 /* Base */,
			);
			name = Main.storyboard;
			sourceTree = "<group>";
		};
		3A38FE361F37304600C7A993 /* LaunchScreen.storyboard */ = {
			isa = PBXVariantGroup;
			children = (
				3A38FE371F37304600C7A993 /* Base */,
			);
			name = LaunchScreen.storyboard;
			sourceTree = "<group>";
		};
/* End PBXVariantGroup section */

/* Begin XCBuildConfiguration section */
		3A38FE3A1F37304600C7A993 /* Debug */ = {
			isa = XCBuildConfiguration;
			buildSettings = {
				ALWAYS_SEARCH_USER_PATHS = NO;
				CLANG_ANALYZER_NONNULL = YES;
				CLANG_ANALYZER_NUMBER_OBJECT_CONVERSION = YES_AGGRESSIVE;
				CLANG_CXX_LANGUAGE_STANDARD = "gnu++0x";
				CLANG_CXX_LIBRARY = "libc++";
				CLANG_ENABLE_MODULES = YES;
				CLANG_ENABLE_OBJC_ARC = YES;
				CLANG_WARN_BOOL_CONVERSION = YES;
				CLANG_WARN_CONSTANT_CONVERSION = YES;
				CLANG_WARN_DIRECT_OBJC_ISA_USAGE = YES_ERROR;
				CLANG_WARN_DOCUMENTATION_COMMENTS = YES;
				CLANG_WARN_EMPTY_BODY = YES;
				CLANG_WARN_ENUM_CONVERSION = YES;
				CLANG_WARN_INFINITE_RECURSION = YES;
				CLANG_WARN_INT_CONVERSION = YES;
				CLANG_WARN_OBJC_ROOT_CLASS = YES_ERROR;
				CLANG_WARN_SUSPICIOUS_MOVE = YES;
				CLANG_WARN_UNREACHABLE_CODE = YES;
				CLANG_WARN__DUPLICATE_METHOD_MATCH = YES;
				"CODE_SIGN_IDENTITY[sdk=iphoneos*]" = "iPhone Developer";
				COPY_PHASE_STRIP = NO;
				DEBUG_INFORMATION_FORMAT = dwarf;
				ENABLE_STRICT_OBJC_MSGSEND = YES;
				ENABLE_TESTABILITY = YES;
				GCC_C_LANGUAGE_STANDARD = gnu99;
				GCC_DYNAMIC_NO_PIC = NO;
				GCC_NO_COMMON_BLOCKS = YES;
				GCC_OPTIMIZATION_LEVEL = 0;
				GCC_PREPROCESSOR_DEFINITIONS = (
					"DEBUG=1",
					"$(inherited)",
				);
				GCC_WARN_64_TO_32_BIT_CONVERSION = YES;
				GCC_WARN_ABOUT_RETURN_TYPE = YES_ERROR;
				GCC_WARN_UNDECLARED_SELECTOR = YES;
				GCC_WARN_UNINITIALIZED_AUTOS = YES_AGGRESSIVE;
				GCC_WARN_UNUSED_FUNCTION = YES;
				GCC_WARN_UNUSED_VARIABLE = YES;
				IPHONEOS_DEPLOYMENT_TARGET = 10.3;
				MTL_ENABLE_DEBUG_INFO = YES;
				ONLY_ACTIVE_ARCH = YES;
				SDKROOT = iphoneos;
				SWIFT_ACTIVE_COMPILATION_CONDITIONS = DEBUG;
				SWIFT_OPTIMIZATION_LEVEL = "-Onone";
			};
			name = Debug;
		};
		3A38FE3B1F37304600C7A993 /* Release */ = {
			isa = XCBuildConfiguration;
			buildSettings = {
				ALWAYS_SEARCH_USER_PATHS = NO;
				CLANG_ANALYZER_NONNULL = YES;
				CLANG_ANALYZER_NUMBER_OBJECT_CONVERSION = YES_AGGRESSIVE;
				CLANG_CXX_LANGUAGE_STANDARD = "gnu++0x";
				CLANG_CXX_LIBRARY = "libc++";
				CLANG_ENABLE_MODULES = YES;
				CLANG_ENABLE_OBJC_ARC = YES;
				CLANG_WARN_BOOL_CONVERSION = YES;
				CLANG_WARN_CONSTANT_CONVERSION = YES;
				CLANG_WARN_DIRECT_OBJC_ISA_USAGE = YES_ERROR;
				CLANG_WARN_DOCUMENTATION_COMMENTS = YES;
				CLANG_WARN_EMPTY_BODY = YES;
				CLANG_WARN_ENUM_CONVERSION = YES;
				CLANG_WARN_INFINITE_RECURSION = YES;
				CLANG_WARN_INT_CONVERSION = YES;
				CLANG_WARN_OBJC_ROOT_CLASS = YES_ERROR;
				CLANG_WARN_SUSPICIOUS_MOVE = YES;
				CLANG_WARN_UNREACHABLE_CODE = YES;
				CLANG_WARN__DUPLICATE_METHOD_MATCH = YES;
				"CODE_SIGN_IDENTITY[sdk=iphoneos*]" = "iPhone Developer";
				COPY_PHASE_STRIP = NO;
				DEBUG_INFORMATION_FORMAT = "dwarf-with-dsym";
				ENABLE_NS_ASSERTIONS = NO;
				ENABLE_STRICT_OBJC_MSGSEND = YES;
				GCC_C_LANGUAGE_STANDARD = gnu99;
				GCC_NO_COMMON_BLOCKS = YES;
				GCC_WARN_64_TO_32_BIT_CONVERSION = YES;
				GCC_WARN_ABOUT_RETURN_TYPE = YES_ERROR;
				GCC_WARN_UNDECLARED_SELECTOR = YES;
				GCC_WARN_UNINITIALIZED_AUTOS = YES_AGGRESSIVE;
				GCC_WARN_UNUSED_FUNCTION = YES;
				GCC_WARN_UNUSED_VARIABLE = YES;
				IPHONEOS_DEPLOYMENT_TARGET = 10.3;
				MTL_ENABLE_DEBUG_INFO = NO;
				SDKROOT = iphoneos;
				SWIFT_OPTIMIZATION_LEVEL = "-Owholemodule";
				VALIDATE_PRODUCT = YES;
			};
			name = Release;
		};
		3A38FE3D1F37304600C7A993 /* Debug */ = {
			isa = XCBuildConfiguration;
			baseConfigurationReference = B5F3677FEC975D87033A23E7 /* Pods-InVinoVeritas.debug.xcconfig */;
			buildSettings = {
				ASSETCATALOG_COMPILER_APPICON_NAME = AppIcon;
				DEVELOPMENT_TEAM = 9JARSYXCR4;
				INFOPLIST_FILE = InVinoVeritas/Info.plist;
				LD_RUNPATH_SEARCH_PATHS = "$(inherited) @executable_path/Frameworks";
				PRODUCT_BUNDLE_IDENTIFIER = com.anlumithe.InVinoVeritas;
				PRODUCT_NAME = "$(TARGET_NAME)";
				SWIFT_VERSION = 3.0;
			};
			name = Debug;
		};
		3A38FE3E1F37304600C7A993 /* Release */ = {
			isa = XCBuildConfiguration;
			baseConfigurationReference = 111500B4C873470806C0382D /* Pods-InVinoVeritas.release.xcconfig */;
			buildSettings = {
				ASSETCATALOG_COMPILER_APPICON_NAME = AppIcon;
				DEVELOPMENT_TEAM = 9JARSYXCR4;
				INFOPLIST_FILE = InVinoVeritas/Info.plist;
				LD_RUNPATH_SEARCH_PATHS = "$(inherited) @executable_path/Frameworks";
				PRODUCT_BUNDLE_IDENTIFIER = com.anlumithe.InVinoVeritas;
				PRODUCT_NAME = "$(TARGET_NAME)";
				SWIFT_VERSION = 3.0;
			};
			name = Release;
		};
/* End XCBuildConfiguration section */

/* Begin XCConfigurationList section */
		3A38FE251F37304600C7A993 /* Build configuration list for PBXProject "InVinoVeritas" */ = {
			isa = XCConfigurationList;
			buildConfigurations = (
				3A38FE3A1F37304600C7A993 /* Debug */,
				3A38FE3B1F37304600C7A993 /* Release */,
			);
			defaultConfigurationIsVisible = 0;
			defaultConfigurationName = Release;
		};
		3A38FE3C1F37304600C7A993 /* Build configuration list for PBXNativeTarget "InVinoVeritas" */ = {
			isa = XCConfigurationList;
			buildConfigurations = (
				3A38FE3D1F37304600C7A993 /* Debug */,
				3A38FE3E1F37304600C7A993 /* Release */,
			);
			defaultConfigurationIsVisible = 0;
			defaultConfigurationName = Release;
		};
/* End XCConfigurationList section */
	};
	rootObject = 3A38FE221F37304600C7A993 /* Project object */;
}
